
Microsoft Visual Studio Solution File, Format Version 12.00
# Visual Studio 15
VisualStudioVersion = 15.0.26430.6
MinimumVisualStudioVersion = 10.0.40219.1
Project("{FAE04EC0-301F-11D3-BF4B-00C04F79EFBC}") = "LocalNotifications.Android", "LocalNotifications\LocalNotifications.Android\LocalNotifications.Android.csproj", "{86B6C272-1141-4DE0-859B-161044D5A1A4}"
EndProject
Project("{FAE04EC0-301F-11D3-BF4B-00C04F79EFBC}") = "LocalNotifications", "LocalNotifications\LocalNotifications\LocalNotifications.csproj", "{002B13CD-6C60-4533-9CBC-366FB677133C}"
EndProject
Project("{FAE04EC0-301F-11D3-BF4B-00C04F79EFBC}") = "LocalNotifications.iOS", "LocalNotifications\LocalNotifications.iOS\LocalNotifications.iOS.csproj", "{A28FD429-0D3C-497B-9BFA-7A5EF624DEA5}"
EndProject
Global
	GlobalSection(SolutionConfigurationPlatforms) = preSolution
		Ad-Hoc|Any CPU = Ad-Hoc|Any CPU
		Ad-Hoc|iPhone = Ad-Hoc|iPhone
		Ad-Hoc|iPhoneSimulator = Ad-Hoc|iPhoneSimulator
		AppStore|Any CPU = AppStore|Any CPU
		AppStore|iPhone = AppStore|iPhone
		AppStore|iPhoneSimulator = AppStore|iPhoneSimulator
		Debug|Any CPU = Debug|Any CPU
		Debug|iPhone = Debug|iPhone
		Debug|iPhoneSimulator = Debug|iPhoneSimulator
		Release|Any CPU = Release|Any CPU
		Release|iPhone = Release|iPhone
		Release|iPhoneSimulator = Release|iPhoneSimulator
	EndGlobalSection
	GlobalSection(ProjectConfigurationPlatforms) = postSolution
		{86B6C272-1141-4DE0-859B-161044D5A1A4}.Ad-Hoc|Any CPU.ActiveCfg = Release|Any CPU
		{86B6C272-1141-4DE0-859B-161044D5A1A4}.Ad-Hoc|Any CPU.Build.0 = Release|Any CPU
		{86B6C272-1141-4DE0-859B-161044D5A1A4}.Ad-Hoc|Any CPU.Deploy.0 = Release|Any CPU
		{86B6C272-1141-4DE0-859B-161044D5A1A4}.Ad-Hoc|iPhone.ActiveCfg = Release|Any CPU
		{86B6C272-1141-4DE0-859B-161044D5A1A4}.Ad-Hoc|iPhone.Build.0 = Release|Any CPU
		{86B6C272-1141-4DE0-859B-161044D5A1A4}.Ad-Hoc|iPhone.Deploy.0 = Release|Any CPU
		{86B6C272-1141-4DE0-859B-161044D5A1A4}.Ad-Hoc|iPhoneSimulator.ActiveCfg = Release|Any CPU
		{86B6C272-1141-4DE0-859B-161044D5A1A4}.Ad-Hoc|iPhoneSimulator.Build.0 = Release|Any CPU
		{86B6C272-1141-4DE0-859B-161044D5A1A4}.Ad-Hoc|iPhoneSimulator.Deploy.0 = Release|Any CPU
		{86B6C272-1141-4DE0-859B-161044D5A1A4}.AppStore|Any CPU.ActiveCfg = Release|Any CPU
		{86B6C272-1141-4DE0-859B-161044D5A1A4}.AppStore|Any CPU.Build.0 = Release|Any CPU
		{86B6C272-1141-4DE0-859B-161044D5A1A4}.AppStore|Any CPU.Deploy.0 = Release|Any CPU
		{86B6C272-1141-4DE0-859B-161044D5A1A4}.AppStore|iPhone.ActiveCfg = Release|Any CPU
		{86B6C272-1141-4DE0-859B-161044D5A1A4}.AppStore|iPhone.Build.0 = Release|Any CPU
		{86B6C272-1141-4DE0-859B-161044D5A1A4}.AppStore|iPhone.Deploy.0 = Release|Any CPU
		{86B6C272-1141-4DE0-859B-161044D5A1A4}.AppStore|iPhoneSimulator.ActiveCfg = Release|Any CPU
		{86B6C272-1141-4DE0-859B-161044D5A1A4}.AppStore|iPhoneSimulator.Build.0 = Release|Any CPU
		{86B6C272-1141-4DE0-859B-161044D5A1A4}.AppStore|iPhoneSimulator.Deploy.0 = Release|Any CPU
		{86B6C272-1141-4DE0-859B-161044D5A1A4}.Debug|Any CPU.ActiveCfg = Debug|Any CPU
		{86B6C272-1141-4DE0-859B-161044D5A1A4}.Debug|Any CPU.Build.0 = Debug|Any CPU
		{86B6C272-1141-4DE0-859B-161044D5A1A4}.Debug|Any CPU.Deploy.0 = Debug|Any CPU
		{86B6C272-1141-4DE0-859B-161044D5A1A4}.Debug|iPhone.ActiveCfg = Debug|Any CPU
		{86B6C272-1141-4DE0-859B-161044D5A1A4}.Debug|iPhone.Build.0 = Debug|Any CPU
		{86B6C272-1141-4DE0-859B-161044D5A1A4}.Debug|iPhone.Deploy.0 = Debug|Any CPU
		{86B6C272-1141-4DE0-859B-161044D5A1A4}.Debug|iPhoneSimulator.ActiveCfg = Debug|Any CPU
		{86B6C272-1141-4DE0-859B-161044D5A1A4}.Debug|iPhoneSimulator.Build.0 = Debug|Any CPU
		{86B6C272-1141-4DE0-859B-161044D5A1A4}.Debug|iPhoneSimulator.Deploy.0 = Debug|Any CPU
		{86B6C272-1141-4DE0-859B-161044D5A1A4}.Release|Any CPU.ActiveCfg = Release|Any CPU
		{86B6C272-1141-4DE0-859B-161044D5A1A4}.Release|Any CPU.Build.0 = Release|Any CPU
		{86B6C272-1141-4DE0-859B-161044D5A1A4}.Release|Any CPU.Deploy.0 = Release|Any CPU
		{86B6C272-1141-4DE0-859B-161044D5A1A4}.Release|iPhone.ActiveCfg = Release|Any CPU
		{86B6C272-1141-4DE0-859B-161044D5A1A4}.Release|iPhone.Build.0 = Release|Any CPU
		{86B6C272-1141-4DE0-859B-161044D5A1A4}.Release|iPhone.Deploy.0 = Release|Any CPU
		{86B6C272-1141-4DE0-859B-161044D5A1A4}.Release|iPhoneSimulator.ActiveCfg = Release|Any CPU
		{86B6C272-1141-4DE0-859B-161044D5A1A4}.Release|iPhoneSimulator.Build.0 = Release|Any CPU
		{86B6C272-1141-4DE0-859B-161044D5A1A4}.Release|iPhoneSimulator.Deploy.0 = Release|Any CPU
		{002B13CD-6C60-4533-9CBC-366FB677133C}.Ad-Hoc|Any CPU.ActiveCfg = Release|Any CPU
		{002B13CD-6C60-4533-9CBC-366FB677133C}.Ad-Hoc|Any CPU.Build.0 = Release|Any CPU
		{002B13CD-6C60-4533-9CBC-366FB677133C}.Ad-Hoc|iPhone.ActiveCfg = Release|Any CPU
		{002B13CD-6C60-4533-9CBC-366FB677133C}.Ad-Hoc|iPhone.Build.0 = Release|Any CPU
		{002B13CD-6C60-4533-9CBC-366FB677133C}.Ad-Hoc|iPhoneSimulator.ActiveCfg = Release|Any CPU
		{002B13CD-6C60-4533-9CBC-366FB677133C}.Ad-Hoc|iPhoneSimulator.Build.0 = Release|Any CPU
		{002B13CD-6C60-4533-9CBC-366FB677133C}.AppStore|Any CPU.ActiveCfg = Release|Any CPU
		{002B13CD-6C60-4533-9CBC-366FB677133C}.AppStore|Any CPU.Build.0 = Release|Any CPU
		{002B13CD-6C60-4533-9CBC-366FB677133C}.AppStore|iPhone.ActiveCfg = Release|Any CPU
		{002B13CD-6C60-4533-9CBC-366FB677133C}.AppStore|iPhone.Build.0 = Release|Any CPU
		{002B13CD-6C60-4533-9CBC-366FB677133C}.AppStore|iPhoneSimulator.ActiveCfg = Release|Any CPU
		{002B13CD-6C60-4533-9CBC-366FB677133C}.AppStore|iPhoneSimulator.Build.0 = Release|Any CPU
		{002B13CD-6C60-4533-9CBC-366FB677133C}.Debug|Any CPU.ActiveCfg = Debug|Any CPU
		{002B13CD-6C60-4533-9CBC-366FB677133C}.Debug|Any CPU.Build.0 = Debug|Any CPU
		{002B13CD-6C60-4533-9CBC-366FB677133C}.Debug|iPhone.ActiveCfg = Debug|Any CPU
		{002B13CD-6C60-4533-9CBC-366FB677133C}.Debug|iPhone.Build.0 = Debug|Any CPU
		{002B13CD-6C60-4533-9CBC-366FB677133C}.Debug|iPhoneSimulator.ActiveCfg = Debug|Any CPU
		{002B13CD-6C60-4533-9CBC-366FB677133C}.Debug|iPhoneSimulator.Build.0 = Debug|Any CPU
		{002B13CD-6C60-4533-9CBC-366FB677133C}.Release|Any CPU.ActiveCfg = Release|Any CPU
		{002B13CD-6C60-4533-9CBC-366FB677133C}.Release|Any CPU.Build.0 = Release|Any CPU
		{002B13CD-6C60-4533-9CBC-366FB677133C}.Release|iPhone.ActiveCfg = Release|Any CPU
		{002B13CD-6C60-4533-9CBC-366FB677133C}.Release|iPhone.Build.0 = Release|Any CPU
		{002B13CD-6C60-4533-9CBC-366FB677133C}.Release|iPhoneSimulator.ActiveCfg = Release|Any CPU
		{002B13CD-6C60-4533-9CBC-366FB677133C}.Release|iPhoneSimulator.Build.0 = Release|Any CPU
		{A28FD429-0D3C-497B-9BFA-7A5EF624DEA5}.Ad-Hoc|Any CPU.ActiveCfg = Ad-Hoc|iPhone
		{A28FD429-0D3C-497B-9BFA-7A5EF624DEA5}.Ad-Hoc|iPhone.ActiveCfg = Ad-Hoc|iPhone
		{A28FD429-0D3C-497B-9BFA-7A5EF624DEA5}.Ad-Hoc|iPhone.Build.0 = Ad-Hoc|iPhone
		{A28FD429-0D3C-497B-9BFA-7A5EF624DEA5}.Ad-Hoc|iPhoneSimulator.ActiveCfg = Ad-Hoc|iPhoneSimulator
		{A28FD429-0D3C-497B-9BFA-7A5EF624DEA5}.Ad-Hoc|iPhoneSimulator.Build.0 = Ad-Hoc|iPhoneSimulator
		{A28FD429-0D3C-497B-9BFA-7A5EF624DEA5}.AppStore|Any CPU.ActiveCfg = AppStore|iPhone
		{A28FD429-0D3C-497B-9BFA-7A5EF624DEA5}.AppStore|iPhone.ActiveCfg = AppStore|iPhone
		{A28FD429-0D3C-497B-9BFA-7A5EF624DEA5}.AppStore|iPhone.Build.0 = AppStore|iPhone
		{A28FD429-0D3C-497B-9BFA-7A5EF624DEA5}.AppStore|iPhoneSimulator.ActiveCfg = AppStore|iPhoneSimulator
		{A28FD429-0D3C-497B-9BFA-7A5EF624DEA5}.AppStore|iPhoneSimulator.Build.0 = AppStore|iPhoneSimulator
		{A28FD429-0D3C-497B-9BFA-7A5EF624DEA5}.Debug|Any CPU.ActiveCfg = Debug|iPhone
		{A28FD429-0D3C-497B-9BFA-7A5EF624DEA5}.Debug|iPhone.ActiveCfg = Debug|iPhone
		{A28FD429-0D3C-497B-9BFA-7A5EF624DEA5}.Debug|iPhone.Build.0 = Debug|iPhone
		{A28FD429-0D3C-497B-9BFA-7A5EF624DEA5}.Debug|iPhoneSimulator.ActiveCfg = Debug|iPhoneSimulator
		{A28FD429-0D3C-497B-9BFA-7A5EF624DEA5}.Debug|iPhoneSimulator.Build.0 = Debug|iPhoneSimulator
		{A28FD429-0D3C-497B-9BFA-7A5EF624DEA5}.Release|Any CPU.ActiveCfg = Release|iPhone
		{A28FD429-0D3C-497B-9BFA-7A5EF624DEA5}.Release|iPhone.ActiveCfg = Release|iPhone
		{A28FD429-0D3C-497B-9BFA-7A5EF624DEA5}.Release|iPhone.Build.0 = Release|iPhone
		{A28FD429-0D3C-497B-9BFA-7A5EF624DEA5}.Release|iPhoneSimulator.ActiveCfg = Release|iPhoneSimulator
		{A28FD429-0D3C-497B-9BFA-7A5EF624DEA5}.Release|iPhoneSimulator.Build.0 = Release|iPhoneSimulator
	EndGlobalSection
	GlobalSection(SolutionProperties) = preSolution
		HideSolutionNode = FALSE
	EndGlobalSection
EndGlobal
